// !$*UTF8*$!
{
	archiveVersion = 1;
	classes = {
	};
	objectVersion = 50;
	objects = {

/* Begin PBXBuildFile section */
		3572010D27B47D7C00539B59 /* AppDelegate.swift in Sources */ = {isa = PBXBuildFile; fileRef = 3572010C27B47D7C00539B59 /* AppDelegate.swift */; };
		3572010F27B47D7C00539B59 /* SceneDelegate.swift in Sources */ = {isa = PBXBuildFile; fileRef = 3572010E27B47D7C00539B59 /* SceneDelegate.swift */; };
		3572011127B47D7C00539B59 /* ViewController.swift in Sources */ = {isa = PBXBuildFile; fileRef = 3572011027B47D7C00539B59 /* ViewController.swift */; };
		3572011427B47D7C00539B59 /* Main.storyboard in Resources */ = {isa = PBXBuildFile; fileRef = 3572011227B47D7C00539B59 /* Main.storyboard */; };
		3572011627B47D8900539B59 /* Assets.xcassets in Resources */ = {isa = PBXBuildFile; fileRef = 3572011527B47D8900539B59 /* Assets.xcassets */; };
		3572011927B47D8900539B59 /* LaunchScreen.storyboard in Resources */ = {isa = PBXBuildFile; fileRef = 3572011727B47D8900539B59 /* LaunchScreen.storyboard */; };
		3572013527B4830300539B59 /* NumbersCell.swift in Sources */ = {isa = PBXBuildFile; fileRef = 3572013327B4830300539B59 /* NumbersCell.swift */; };
		3572013627B4830300539B59 /* NumbersCell.xib in Resources */ = {isa = PBXBuildFile; fileRef = 3572013427B4830300539B59 /* NumbersCell.xib */; };
		3572013A27B4842600539B59 /* CompositionLayout.swift in Sources */ = {isa = PBXBuildFile; fileRef = 3572013927B4842600539B59 /* CompositionLayout.swift */; };
/* End PBXBuildFile section */

/* Begin PBXFileReference section */
		3572010927B47D7C00539B59 /* XDSoft.app */ = {isa = PBXFileReference; explicitFileType = wrapper.application; includeInIndex = 0; path = XDSoft.app; sourceTree = BUILT_PRODUCTS_DIR; };
		3572010C27B47D7C00539B59 /* AppDelegate.swift */ = {isa = PBXFileReference; lastKnownFileType = sourcecode.swift; path = AppDelegate.swift; sourceTree = "<group>"; };
		3572010E27B47D7C00539B59 /* SceneDelegate.swift */ = {isa = PBXFileReference; lastKnownFileType = sourcecode.swift; path = SceneDelegate.swift; sourceTree = "<group>"; };
		3572011027B47D7C00539B59 /* ViewController.swift */ = {isa = PBXFileReference; lastKnownFileType = sourcecode.swift; path = ViewController.swift; sourceTree = "<group>"; };
		3572011327B47D7C00539B59 /* Base */ = {isa = PBXFileReference; lastKnownFileType = file.storyboard; name = Base; path = Base.lproj/Main.storyboard; sourceTree = "<group>"; };
		3572011527B47D8900539B59 /* Assets.xcassets */ = {isa = PBXFileReference; lastKnownFileType = folder.assetcatalog; path = Assets.xcassets; sourceTree = "<group>"; };
		3572011827B47D8900539B59 /* Base */ = {isa = PBXFileReference; lastKnownFileType = file.storyboard; name = Base; path = Base.lproj/LaunchScreen.storyboard; sourceTree = "<group>"; };
		3572011A27B47D8900539B59 /* Info.plist */ = {isa = PBXFileReference; lastKnownFileType = text.plist.xml; path = Info.plist; sourceTree = "<group>"; };
		3572013327B4830300539B59 /* NumbersCell.swift */ = {isa = PBXFileReference; lastKnownFileType = sourcecode.swift; path = NumbersCell.swift; sourceTree = "<group>"; };
		3572013427B4830300539B59 /* NumbersCell.xib */ = {isa = PBXFileReference; lastKnownFileType = file.xib; path = NumbersCell.xib; sourceTree = "<group>"; };
		3572013927B4842600539B59 /* CompositionLayout.swift */ = {isa = PBXFileReference; lastKnownFileType = sourcecode.swift; path = CompositionLayout.swift; sourceTree = "<group>"; };
/* End PBXFileReference section */

/* Begin PBXFrameworksBuildPhase section */
		3572010627B47D7C00539B59 /* Frameworks */ = {
			isa = PBXFrameworksBuildPhase;
			buildActionMask = 2147483647;
			files = (
			);
			runOnlyForDeploymentPostprocessing = 0;
		};
/* End PBXFrameworksBuildPhase section */

/* Begin PBXGroup section */
		3572010027B47D7C00539B59 = {
			isa = PBXGroup;
			children = (
				3572010B27B47D7C00539B59 /* XDSoft */,
				3572010A27B47D7C00539B59 /* Products */,
			);
			sourceTree = "<group>";
		};
		3572010A27B47D7C00539B59 /* Products */ = {
			isa = PBXGroup;
			children = (
				3572010927B47D7C00539B59 /* XDSoft.app */,
			);
			name = Products;
			sourceTree = "<group>";
		};
		3572010B27B47D7C00539B59 /* XDSoft */ = {
			isa = PBXGroup;
			children = (
				3572013827B483FD00539B59 /* CompositionLayout */,
				3572013227B4823800539B59 /* Cells */,
				3572010C27B47D7C00539B59 /* AppDelegate.swift */,
				3572010E27B47D7C00539B59 /* SceneDelegate.swift */,
				3572011027B47D7C00539B59 /* ViewController.swift */,
				3572011227B47D7C00539B59 /* Main.storyboard */,
				3572011527B47D8900539B59 /* Assets.xcassets */,
				3572011727B47D8900539B59 /* LaunchScreen.storyboard */,
				3572011A27B47D8900539B59 /* Info.plist */,
			);
			path = XDSoft;
			sourceTree = "<group>";
		};
		3572013227B4823800539B59 /* Cells */ = {
			isa = PBXGroup;
			children = (
				3572013327B4830300539B59 /* NumbersCell.swift */,
				3572013427B4830300539B59 /* NumbersCell.xib */,
			);
			path = Cells;
			sourceTree = "<group>";
		};
		3572013827B483FD00539B59 /* CompositionLayout */ = {
			isa = PBXGroup;
			children = (
				3572013927B4842600539B59 /* CompositionLayout.swift */,
			);
			path = CompositionLayout;
			sourceTree = "<group>";
		};
/* End PBXGroup section */

/* Begin PBXNativeTarget section */
		3572010827B47D7C00539B59 /* XDSoft */ = {
			isa = PBXNativeTarget;
			buildConfigurationList = 3572011D27B47D8900539B59 /* Build configuration list for PBXNativeTarget "XDSoft" */;
			buildPhases = (
				3572010527B47D7C00539B59 /* Sources */,
				3572010627B47D7C00539B59 /* Frameworks */,
				3572010727B47D7C00539B59 /* Resources */,
			);
			buildRules = (
			);
			dependencies = (
			);
			name = XDSoft;
			productName = XDSoft;
			productReference = 3572010927B47D7C00539B59 /* XDSoft.app */;
			productType = "com.apple.product-type.application";
		};
/* End PBXNativeTarget section */

/* Begin PBXProject section */
		3572010127B47D7C00539B59 /* Project object */ = {
			isa = PBXProject;
			attributes = {
				LastSwiftUpdateCheck = 1240;
				LastUpgradeCheck = 1240;
				TargetAttributes = {
					3572010827B47D7C00539B59 = {
						CreatedOnToolsVersion = 12.4;
					};
				};
			};
			buildConfigurationList = 3572010427B47D7C00539B59 /* Build configuration list for PBXProject "XDSoft" */;
			compatibilityVersion = "Xcode 9.3";
			developmentRegion = en;
			hasScannedForEncodings = 0;
			knownRegions = (
				en,
				Base,
			);
			mainGroup = 3572010027B47D7C00539B59;
			productRefGroup = 3572010A27B47D7C00539B59 /* Products */;
			projectDirPath = "";
			projectRoot = "";
			targets = (
				3572010827B47D7C00539B59 /* XDSoft */,
			);
		};
/* End PBXProject section */

/* Begin PBXResourcesBuildPhase section */
		3572010727B47D7C00539B59 /* Resources */ = {
			isa = PBXResourcesBuildPhase;
			buildActionMask = 2147483647;
			files = (
				3572013627B4830300539B59 /* NumbersCell.xib in Resources */,
				3572011927B47D8900539B59 /* LaunchScreen.storyboard in Resources */,
				3572011627B47D8900539B59 /* Assets.xcassets in Resources */,
				3572011427B47D7C00539B59 /* Main.storyboard in Resources */,
			);
			runOnlyForDeploymentPostprocessing = 0;
		};
/* End PBXResourcesBuildPhase section */

/* Begin PBXSourcesBuildPhase section */
		3572010527B47D7C00539B59 /* Sources */ = {
			isa = PBXSourcesBuildPhase;
			buildActionMask = 2147483647;
			files = (
				3572013527B4830300539B59 /* NumbersCell.swift in Sources */,
				3572011127B47D7C00539B59 /* ViewController.swift in Sources */,
				3572013A27B4842600539B59 /* CompositionLayout.swift in Sources */,
				3572010D27B47D7C00539B59 /* AppDelegate.swift in Sources */,
				3572010F27B47D7C00539B59 /* SceneDelegate.swift in Sources */,
			);
			runOnlyForDeploymentPostprocessing = 0;
		};
/* End PBXSourcesBuildPhase section */

/* Begin PBXVariantGroup section */
		3572011227B47D7C00539B59 /* Main.storyboard */ = {
			isa = PBXVariantGroup;
			children = (
				3572011327B47D7C00539B59 /* Base */,
			);
			name = Main.storyboard;
			sourceTree = "<group>";
		};
		3572011727B47D8900539B59 /* LaunchScreen.storyboard */ = {
			isa = PBXVariantGroup;
			children = (
				3572011827B47D8900539B59 /* Base */,
			);
			name = LaunchScreen.storyboard;
			sourceTree = "<group>";
		};
/* End PBXVariantGroup section */

/* Begin XCBuildConfiguration section */
		3572011B27B47D8900539B59 /* Debug */ = {
			isa = XCBuildConfiguration;
			buildSettings = {
				ALWAYS_SEARCH_USER_PATHS = NO;
				CLANG_ANALYZER_NONNULL = YES;
				CLANG_ANALYZER_NUMBER_OBJECT_CONVERSION = YES_AGGRESSIVE;
				CLANG_CXX_LANGUAGE_STANDARD = "gnu++14";
				CLANG_CXX_LIBRARY = "libc++";
				CLANG_ENABLE_MODULES = YES;
				CLANG_ENABLE_OBJC_ARC = YES;
				CLANG_ENABLE_OBJC_WEAK = YES;
				CLANG_WARN_BLOCK_CAPTURE_AUTORELEASING = YES;
				CLANG_WARN_BOOL_CONVERSION = YES;
				CLANG_WARN_COMMA = YES;
				CLANG_WARN_CONSTANT_CONVERSION = YES;
				CLANG_WARN_DEPRECATED_OBJC_IMPLEMENTATIONS = YES;
				CLANG_WARN_DIRECT_OBJC_ISA_USAGE = YES_ERROR;
				CLANG_WARN_DOCUMENTATION_COMMENTS = YES;
				CLANG_WARN_EMPTY_BODY = YES;
				CLANG_WARN_ENUM_CONVERSION = YES;
				CLANG_WARN_INFINITE_RECURSION = YES;
				CLANG_WARN_INT_CONVERSION = YES;
				CLANG_WARN_NON_LITERAL_NULL_CONVERSION = YES;
				CLANG_WARN_OBJC_IMPLICIT_RETAIN_SELF = YES;
				CLANG_WARN_OBJC_LITERAL_CONVERSION = YES;
				CLANG_WARN_OBJC_ROOT_CLASS = YES_ERROR;
				CLANG_WARN_QUOTED_INCLUDE_IN_FRAMEWORK_HEADER = YES;
				CLANG_WARN_RANGE_LOOP_ANALYSIS = YES;
				CLANG_WARN_STRICT_PROTOTYPES = YES;
				CLANG_WARN_SUSPICIOUS_MOVE = YES;
				CLANG_WARN_UNGUARDED_AVAILABILITY = YES_AGGRESSIVE;
				CLANG_WARN_UNREACHABLE_CODE = YES;
				CLANG_WARN__DUPLICATE_METHOD_MATCH = YES;
				COPY_PHASE_STRIP = NO;
				DEBUG_INFORMATION_FORMAT = dwarf;
				ENABLE_STRICT_OBJC_MSGSEND = YES;
				ENABLE_TESTABILITY = YES;
				GCC_C_LANGUAGE_STANDARD = gnu11;
				GCC_DYNAMIC_NO_PIC = NO;
				GCC_NO_COMMON_BLOCKS = YES;
				GCC_OPTIMIZATION_LEVEL = 0;
				GCC_PREPROCESSOR_DEFINITIONS = (
					"DEBUG=1",
					"$(inherited)",
				);
				GCC_WARN_64_TO_32_BIT_CONVERSION = YES;
				GCC_WARN_ABOUT_RETURN_TYPE = YES_ERROR;
				GCC_WARN_UNDECLARED_SELECTOR = YES;
				GCC_WARN_UNINITIALIZED_AUTOS = YES_AGGRESSIVE;
				GCC_WARN_UNUSED_FUNCTION = YES;
				GCC_WARN_UNUSED_VARIABLE = YES;
				IPHONEOS_DEPLOYMENT_TARGET = 14.4;
				MTL_ENABLE_DEBUG_INFO = INCLUDE_SOURCE;
				MTL_FAST_MATH = YES;
				ONLY_ACTIVE_ARCH = YES;
				SDKROOT = iphoneos;
				SWIFT_ACTIVE_COMPILATION_CONDITIONS = DEBUG;
				SWIFT_OPTIMIZATION_LEVEL = "-Onone";
			};
			name = Debug;
		};
		3572011C27B47D8900539B59 /* Release */ = {
			isa = XCBuildConfiguration;
			buildSettings = {
				ALWAYS_SEARCH_USER_PATHS = NO;
				CLANG_ANALYZER_NONNULL = YES;
				CLANG_ANALYZER_NUMBER_OBJECT_CONVERSION = YES_AGGRESSIVE;
				CLANG_CXX_LANGUAGE_STANDARD = "gnu++14";
				CLANG_CXX_LIBRARY = "libc++";
				CLANG_ENABLE_MODULES = YES;
				CLANG_ENABLE_OBJC_ARC = YES;
				CLANG_ENABLE_OBJC_WEAK = YES;
				CLANG_WARN_BLOCK_CAPTURE_AUTORELEASING = YES;
				CLANG_WARN_BOOL_CONVERSION = YES;
				CLANG_WARN_COMMA = YES;
				CLANG_WARN_CONSTANT_CONVERSION = YES;
				CLANG_WARN_DEPRECATED_OBJC_IMPLEMENTATIONS = YES;
				CLANG_WARN_DIRECT_OBJC_ISA_USAGE = YES_ERROR;
				CLANG_WARN_DOCUMENTATION_COMMENTS = YES;
				CLANG_WARN_EMPTY_BODY = YES;
				CLANG_WARN_ENUM_CONVERSION = YES;
				CLANG_WARN_INFINITE_RECURSION = YES;
				CLANG_WARN_INT_CONVERSION = YES;
				CLANG_WARN_NON_LITERAL_NULL_CONVERSION = YES;
				CLANG_WARN_OBJC_IMPLICIT_RETAIN_SELF = YES;
				CLANG_WARN_OBJC_LITERAL_CONVERSION = YES;
				CLANG_WARN_OBJC_ROOT_CLASS = YES_ERROR;
				CLANG_WARN_QUOTED_INCLUDE_IN_FRAMEWORK_HEADER = YES;
				CLANG_WARN_RANGE_LOOP_ANALYSIS = YES;
				CLANG_WARN_STRICT_PROTOTYPES = YES;
				CLANG_WARN_SUSPICIOUS_MOVE = YES;
				CLANG_WARN_UNGUARDED_AVAILABILITY = YES_AGGRESSIVE;
				CLANG_WARN_UNREACHABLE_CODE = YES;
				CLANG_WARN__DUPLICATE_METHOD_MATCH = YES;
				COPY_PHASE_STRIP = NO;
				DEBUG_INFORMATION_FORMAT = "dwarf-with-dsym";
				ENABLE_NS_ASSERTIONS = NO;
				ENABLE_STRICT_OBJC_MSGSEND = YES;
				GCC_C_LANGUAGE_STANDARD = gnu11;
				GCC_NO_COMMON_BLOCKS = YES;
				GCC_WARN_64_TO_32_BIT_CONVERSION = YES;
				GCC_WARN_ABOUT_RETURN_TYPE = YES_ERROR;
				GCC_WARN_UNDECLARED_SELECTOR = YES;
				GCC_WARN_UNINITIALIZED_AUTOS = YES_AGGRESSIVE;
				GCC_WARN_UNUSED_FUNCTION = YES;
				GCC_WARN_UNUSED_VARIABLE = YES;
				IPHONEOS_DEPLOYMENT_TARGET = 14.4;
				MTL_ENABLE_DEBUG_INFO = NO;
				MTL_FAST_MATH = YES;
				SDKROOT = iphoneos;
				SWIFT_COMPILATION_MODE = wholemodule;
				SWIFT_OPTIMIZATION_LEVEL = "-O";
				VALIDATE_PRODUCT = YES;
			};
			name = Release;
		};
		3572011E27B47D8900539B59 /* Debug */ = {
			isa = XCBuildConfiguration;
			buildSettings = {
				ASSETCATALOG_COMPILER_APPICON_NAME = AppIcon;
				ASSETCATALOG_COMPILER_GLOBAL_ACCENT_COLOR_NAME = AccentColor;
				CODE_SIGN_STYLE = Automatic;
				DEVELOPMENT_TEAM = KBWZGWH625;
				INFOPLIST_FILE = XDSoft/Info.plist;
				LD_RUNPATH_SEARCH_PATHS = (
					"$(inherited)",
					"@executable_path/Frameworks",
				);
				PRODUCT_BUNDLE_IDENTIFIER = zorigto.com.app.XDSoft;
				PRODUCT_NAME = "$(TARGET_NAME)";
				SWIFT_VERSION = 5.0;
				TARGETED_DEVICE_FAMILY = "1,2";
			};
			name = Debug;
		};
		3572011F27B47D8900539B59 /* Release */ = {
			isa = XCBuildConfiguration;
			buildSettings = {
				ASSETCATALOG_COMPILER_APPICON_NAME = AppIcon;
				ASSETCATALOG_COMPILER_GLOBAL_ACCENT_COLOR_NAME = AccentColor;
				CODE_SIGN_STYLE = Automatic;
				DEVELOPMENT_TEAM = KBWZGWH625;
				INFOPLIST_FILE = XDSoft/Info.plist;
				LD_RUNPATH_SEARCH_PATHS = (
					"$(inherited)",
					"@executable_path/Frameworks",
				);
				PRODUCT_BUNDLE_IDENTIFIER = zorigto.com.app.XDSoft;
				PRODUCT_NAME = "$(TARGET_NAME)";
				SWIFT_VERSION = 5.0;
				TARGETED_DEVICE_FAMILY = "1,2";
			};
			name = Release;
		};
/* End XCBuildConfiguration section */

/* Begin XCConfigurationList section */
		3572010427B47D7C00539B59 /* Build configuration list for PBXProject "XDSoft" */ = {
			isa = XCConfigurationList;
			buildConfigurations = (
				3572011B27B47D8900539B59 /* Debug */,
				3572011C27B47D8900539B59 /* Release */,
			);
			defaultConfigurationIsVisible = 0;
			defaultConfigurationName = Release;
		};
		3572011D27B47D8900539B59 /* Build configuration list for PBXNativeTarget "XDSoft" */ = {
			isa = XCConfigurationList;
			buildConfigurations = (
				3572011E27B47D8900539B59 /* Debug */,
				3572011F27B47D8900539B59 /* Release */,
			);
			defaultConfigurationIsVisible = 0;
			defaultConfigurationName = Release;
		};
/* End XCConfigurationList section */
	};
	rootObject = 3572010127B47D7C00539B59 /* Project object */;
}
